github.com/Luxurioust/excelize v1.3.0 h1:LRSMbxNb2zl/aG85LVr3PXpi//AwAibZrYiAOF5rU9k=
github.com/Luxurioust/excelize v1.3.0/go.mod h1:er5iNcSmVmDJ+OLia+8vCWjgNgH2JCjeZab5JiKBoSY=
github.com/axgle/mahonia v0.0.0-20180208002826-3358181d7394 h1:OYA+5W64v3OgClL+IrOD63t4i/RW7RqrAVl9LTZ9UqQ=
github.com/axgle/mahonia v0.0.0-20180208002826-3358181d7394/go.mod h1:Q8n74mJTIgjX4RBBcHnJ05h//6/k6foqmgE45jTQtxg=
github.com/belogik/goes v0.0.0-20151229125003-e54d722c3aff h1:/kO0p2RTGLB8R5gub7ps0GmYpB2O8LXEoPq8tzFDCUI=
github.com/belogik/goes v0.0.0-20151229125003-e54d722c3aff/go.mod h1:PhH1ZhyCzHKt4uAasyx+ljRCgoezetRNf59CUtwUkqY=
github.com/chanxuehong/rand v0.0.0-20180428235808-560f6cc0eaa5 h1:W16h0kLXr6w6UtXXdy/afMTLrETz6c8ZKGC+f5v3ApE=
github.com/chanxuehong/rand v0.0.0-20180428235808-560f6cc0eaa5/go.mod h1:h13adSJmQ5tsaV9bR72eTp7ePXJ2WIWyK6heLeietxA=
github.com/chanxuehong/util v0.0.0-20180507110909-3283ef9c9f25 h1:EIJ9kyCc3CFi2nSlhXP7PGSP7ATPllbBjrI5nqHxRYc=
github.com/chanxuehong/util v0.0.0-20180507110909-3283ef9c9f25/go.mod h1:oCc2u0egGweOE68RdURGznc2LgbCrdGAAkXOQw2CuNM=
github.com/cloudflare/golz4 v0.0.0-20150217214814-ef862a3cdc58 h1:F1EaeKL/ta07PY/k9Os/UFtwERei2/XzGemhpGnBKNg=
github.com/cloudflare/golz4 v0.0.0-20150217214814-ef862a3cdc58/go.mod h1:EOBUe0h4xcZ5GoxqC5SDxFQ8gwyZPKQoEzownBlhI80=
github.com/davecgh/go-spew v1.1.0 h1:ZDRjVQ15GmhC3fiQ8ni8+OwkZQO4DARzQgrnXU1Liz8=
github.com/davecgh/go-spew v1.1.0/go.mod h1:J7Y8YcW2NihsgmVo/mv3lAwl/skON4iLHjSsI+c5H38=
github.com/go-ini/ini v1.37.0 h1:/FpMfveJbc7ExTTDgT5nL9Vw+aZdst/c2dOxC931U+M=
github.com/go-ini/ini v1.37.0/go.mod h1:ByCAeIL28uOIIG0E3PJtZPDL8WnHpFKFOtgjp+3Ies8=
github.com/gogo/protobuf v1.0.0 h1:2jyBKDKU/8v3v2xVR2PtiWQviFUyiaGk2rpfyFT8rTM=
github.com/gogo/protobuf v1.0.0/go.mod h1:r8qH/GZQm5c6nD/R0oafs1akxWv10x8SbQlK7atdtwQ=
github.com/pmezard/go-difflib v1.0.0 h1:4DBwDE0NGyQoBHbLQYPwSUPoCMWR5BEzIk/f1lZbAQM=
github.com/pmezard/go-difflib v1.0.0/go.mod h1:iKH77koFhYxTK1pcRnkKkqfTogsbg7gZNVY4sRDYZ/4=
github.com/stretchr/testify v1.2.2 h1:bSDNvY7ZPG5RlJ8otE/7V6gMiyenm9RtJ7IUVIAoJ1w=
github.com/stretchr/testify v1.2.2/go.mod h1:a8OnRcib4nhh0OaRAV+Yts87kKdq0PP7pXfy6kDkUVs=
github.com/vgmdj/gb2260 v0.0.0-20180621064901-26fbcc4a270b h1:yIFvivrQ8I3ccCaTVi/Xg9UIgTc89EYe1rNKWU4GpCw=
github.com/vgmdj/gb2260 v0.0.0-20180621064901-26fbcc4a270b/go.mod h1:EEzY1HuRtztfQ3pjZLooEoJaQP+MyIJorzcwtI5eLTg=
github.com/vgmdj/utils v0.0.0-20180827053707-19428332d0ef h1:LVOXziDg9HTCa4a6JB9xtlFRQeVSjUoMSxJIyM5DUTo=
github.com/vgmdj/utils v0.0.0-20180827053707-19428332d0ef/go.mod h1:Tl8VPt5pYiZlJ/0fKf5nz1ZwHBjm/TGuE1FKXpOvQl4=
golang.org/x/crypto v0.0.0-20180619200235-7f39a6fea4fe h1:SfgKf9nOqRADFtqYKr+2JhFTS7L7i1BRrU9ndm2Xjsc=
golang.org/x/crypto v0.0.0-20180619200235-7f39a6fea4fe/go.mod h1:6SG95UA2DQfeDnfUPMdvaQW0Q7yPrPDi9nlGo2tz2b4=
gopkg.in/chanxuehong/wechat.v2 v2.0.0-20180707072629-394f00821fb1 h1:w9F+jvmgBTfWqL2TzXCvTtyOZO5V/l7DS6s5/bmLWe0=
gopkg.in/chanxuehong/wechat.v2 v2.0.0-20180707072629-394f00821fb1/go.mod h1:HuIcE5yEmuAHBXNX5U4KUQRCki6sXCbLjPauW+ppvI0=
