# This file is autogenerated, do not edit; changes may be undone by the next 'dep ensure'.


[[projects]]
  name = "github.com/Luxurioust/excelize"
  packages = ["."]
  revision = "eb62256d165607c6877ce88efbba10c119137b3d"
  version = "v1.3.0"

[[projects]]
  branch = "master"
  name = "github.com/axgle/mahonia"
  packages = ["."]
  revision = "3358181d7394e26beccfae0ffde05193ef3be33a"

[[projects]]
  branch = "master"
  name = "github.com/belogik/goes"
  packages = ["."]
  revision = "e54d722c3aff588e4c737fe11c07359019240824"

[[projects]]
  branch = "master"
  name = "github.com/cloudflare/golz4"
  packages = ["."]
  revision = "ef862a3cdc58a6f1fee4e3af3d44fbe279194cde"

[[projects]]
  name = "github.com/davecgh/go-spew"
  packages = ["spew"]
  revision = "346938d642f2ec3594ed81d874461961cd0faa76"
  version = "v1.1.0"

[[projects]]
  name = "github.com/go-ini/ini"
  packages = ["."]
  revision = "06f5f3d67269ccec1fe5fe4134ba6e982984f7f5"
  version = "v1.37.0"

[[projects]]
  name = "github.com/gogo/protobuf"
  packages = ["proto"]
  revision = "1adfc126b41513cc696b209667c8656ea7aac67c"
  version = "v1.0.0"

[[projects]]
  name = "github.com/pmezard/go-difflib"
  packages = ["difflib"]
  revision = "792786c7400a136282c1664665ae0a8db921c6c2"
  version = "v1.0.0"

[[projects]]
  name = "github.com/stretchr/testify"
  packages = ["assert"]
  revision = "f35b8ab0b5a2cef36673838d662e249dd9c94686"
  version = "v1.2.2"

[[projects]]
  branch = "master"
  name = "golang.org/x/crypto"
  packages = [
    "pbkdf2",
    "scrypt"
  ]
  revision = "7f39a6fea4fe9364fb61e1def6a268a51b4f3a06"

[solve-meta]
  analyzer-name = "dep"
  analyzer-version = 1
  inputs-digest = "7690aecda591f83ea83e89ce9356277f33156b56601754bde673be38eeb49e2a"
  solver-name = "gps-cdcl"
  solver-version = 1
